
Microsoft Visual Studio Solution File, Format Version 12.00
# Visual Studio Version 16
VisualStudioVersion = 16.0.30907.101
MinimumVisualStudioVersion = 10.0.40219.1
Project("{FAE04EC0-301F-11D3-BF4B-00C04F79EFBC}") = "GameProject", "GameProject\GameProject.csproj", "{3E0FCDA8-0819-4A7A-A7A6-3AD1BB15A64C}"
EndProject
Global
	GlobalSection(SolutionConfigurationPlatforms) = preSolution
		Debug|Any CPU = Debug|Any CPU
		Release|Any CPU = Release|Any CPU
	EndGlobalSection
	GlobalSection(ProjectConfigurationPlatforms) = postSolution
		{3E0FCDA8-0819-4A7A-A7A6-3AD1BB15A64C}.Debug|Any CPU.ActiveCfg = Debug|Any CPU
		{3E0FCDA8-0819-4A7A-A7A6-3AD1BB15A64C}.Debug|Any CPU.Build.0 = Debug|Any CPU
		{3E0FCDA8-0819-4A7A-A7A6-3AD1BB15A64C}.Release|Any CPU.ActiveCfg = Release|Any CPU
		{3E0FCDA8-0819-4A7A-A7A6-3AD1BB15A64C}.Release|Any CPU.Build.0 = Release|Any CPU
	EndGlobalSection
	GlobalSection(SolutionProperties) = preSolution
		HideSolutionNode = FALSE
	EndGlobalSection
	GlobalSection(ExtensibilityGlobals) = postSolution
		SolutionGuid = {E8B548D7-61FB-47F3-9E13-BEE4FB3FA2EA}
	EndGlobalSection
EndGlobal
